
Microsoft Visual Studio Solution File, Format Version 12.00
# Visual Studio Version 16
VisualStudioVersion = 16.0.30907.101
MinimumVisualStudioVersion = 10.0.40219.1
Project("{FAE04EC0-301F-11D3-BF4B-00C04F79EFBC}") = "DZ7", "DZ7\DZ7.csproj", "{C04E537D-97C4-403C-97F0-A2CAF4D4DBAB}"
EndProject
Global
	GlobalSection(SolutionConfigurationPlatforms) = preSolution
		Debug|Any CPU = Debug|Any CPU
		Release|Any CPU = Release|Any CPU
	EndGlobalSection
	GlobalSection(ProjectConfigurationPlatforms) = postSolution
		{C04E537D-97C4-403C-97F0-A2CAF4D4DBAB}.Debug|Any CPU.ActiveCfg = Debug|Any CPU
		{C04E537D-97C4-403C-97F0-A2CAF4D4DBAB}.Debug|Any CPU.Build.0 = Debug|Any CPU
		{C04E537D-97C4-403C-97F0-A2CAF4D4DBAB}.Release|Any CPU.ActiveCfg = Release|Any CPU
		{C04E537D-97C4-403C-97F0-A2CAF4D4DBAB}.Release|Any CPU.Build.0 = Release|Any CPU
	EndGlobalSection
	GlobalSection(SolutionProperties) = preSolution
		HideSolutionNode = FALSE
	EndGlobalSection
	GlobalSection(ExtensibilityGlobals) = postSolution
		SolutionGuid = {AEA6B7BF-FC69-48D4-8769-94A0614F2A6D}
	EndGlobalSection
EndGlobal
